
Microsoft Visual Studio Solution File, Format Version 12.00
# Visual Studio Version 17
VisualStudioVersion = 17.1.32407.343
MinimumVisualStudioVersion = 10.0.40219.1
Project("{8BC9CEB8-8B4A-11D0-8D11-00A0C91BC942}") = "CPyMO", "CPyMO.vcxproj", "{C29A5FC6-BD31-4292-9851-27CC92418AAB}"
EndProject
Project("{8BC9CEB8-8B4A-11D0-8D11-00A0C91BC942}") = "SDL2-UWP", "SDL-UWP.vcxproj", "{89E9B32E-A86A-47C3-A948-D2B1622925CE}"
EndProject
Global
	GlobalSection(SolutionConfigurationPlatforms) = preSolution
		Debug|ARM = Debug|ARM
		Debug|ARM64 = Debug|ARM64
		Debug|x64 = Debug|x64
		Debug|x86 = Debug|x86
		Release|ARM = Release|ARM
		Release|ARM64 = Release|ARM64
		Release|x64 = Release|x64
		Release|x86 = Release|x86
	EndGlobalSection
	GlobalSection(ProjectConfigurationPlatforms) = postSolution
		{C29A5FC6-BD31-4292-9851-27CC92418AAB}.Debug|ARM.ActiveCfg = Debug|ARM
		{C29A5FC6-BD31-4292-9851-27CC92418AAB}.Debug|ARM.Build.0 = Debug|ARM
		{C29A5FC6-BD31-4292-9851-27CC92418AAB}.Debug|ARM.Deploy.0 = Debug|ARM
		{C29A5FC6-BD31-4292-9851-27CC92418AAB}.Debug|ARM64.ActiveCfg = Debug|ARM64
		{C29A5FC6-BD31-4292-9851-27CC92418AAB}.Debug|ARM64.Build.0 = Debug|ARM64
		{C29A5FC6-BD31-4292-9851-27CC92418AAB}.Debug|ARM64.Deploy.0 = Debug|ARM64
		{C29A5FC6-BD31-4292-9851-27CC92418AAB}.Debug|x64.ActiveCfg = Debug|x64
		{C29A5FC6-BD31-4292-9851-27CC92418AAB}.Debug|x64.Build.0 = Debug|x64
		{C29A5FC6-BD31-4292-9851-27CC92418AAB}.Debug|x64.Deploy.0 = Debug|x64
		{C29A5FC6-BD31-4292-9851-27CC92418AAB}.Debug|x86.ActiveCfg = Debug|Win32
		{C29A5FC6-BD31-4292-9851-27CC92418AAB}.Debug|x86.Build.0 = Debug|Win32
		{C29A5FC6-BD31-4292-9851-27CC92418AAB}.Debug|x86.Deploy.0 = Debug|Win32
		{C29A5FC6-BD31-4292-9851-27CC92418AAB}.Release|ARM.ActiveCfg = Release|ARM
		{C29A5FC6-BD31-4292-9851-27CC92418AAB}.Release|ARM.Build.0 = Release|ARM
		{C29A5FC6-BD31-4292-9851-27CC92418AAB}.Release|ARM.Deploy.0 = Release|ARM
		{C29A5FC6-BD31-4292-9851-27CC92418AAB}.Release|ARM64.ActiveCfg = Release|ARM64
		{C29A5FC6-BD31-4292-9851-27CC92418AAB}.Release|ARM64.Build.0 = Release|ARM64
		{C29A5FC6-BD31-4292-9851-27CC92418AAB}.Release|ARM64.Deploy.0 = Release|ARM64
		{C29A5FC6-BD31-4292-9851-27CC92418AAB}.Release|x64.ActiveCfg = Release|x64
		{C29A5FC6-BD31-4292-9851-27CC92418AAB}.Release|x64.Build.0 = Release|x64
		{C29A5FC6-BD31-4292-9851-27CC92418AAB}.Release|x64.Deploy.0 = Release|x64
		{C29A5FC6-BD31-4292-9851-27CC92418AAB}.Release|x86.ActiveCfg = Release|Win32
		{C29A5FC6-BD31-4292-9851-27CC92418AAB}.Release|x86.Build.0 = Release|Win32
		{C29A5FC6-BD31-4292-9851-27CC92418AAB}.Release|x86.Deploy.0 = Release|Win32
		{89E9B32E-A86A-47C3-A948-D2B1622925CE}.Debug|ARM.ActiveCfg = Debug|ARM
		{89E9B32E-A86A-47C3-A948-D2B1622925CE}.Debug|ARM.Build.0 = Debug|ARM
		{89E9B32E-A86A-47C3-A948-D2B1622925CE}.Debug|ARM64.ActiveCfg = Debug|x64
		{89E9B32E-A86A-47C3-A948-D2B1622925CE}.Debug|ARM64.Build.0 = Debug|x64
		{89E9B32E-A86A-47C3-A948-D2B1622925CE}.Debug|x64.ActiveCfg = Debug|x64
		{89E9B32E-A86A-47C3-A948-D2B1622925CE}.Debug|x64.Build.0 = Debug|x64
		{89E9B32E-A86A-47C3-A948-D2B1622925CE}.Debug|x86.ActiveCfg = Debug|Win32
		{89E9B32E-A86A-47C3-A948-D2B1622925CE}.Debug|x86.Build.0 = Debug|Win32
		{89E9B32E-A86A-47C3-A948-D2B1622925CE}.Release|ARM.ActiveCfg = Release|ARM
		{89E9B32E-A86A-47C3-A948-D2B1622925CE}.Release|ARM.Build.0 = Release|ARM
		{89E9B32E-A86A-47C3-A948-D2B1622925CE}.Release|ARM64.ActiveCfg = Release|x64
		{89E9B32E-A86A-47C3-A948-D2B1622925CE}.Release|ARM64.Build.0 = Release|x64
		{89E9B32E-A86A-47C3-A948-D2B1622925CE}.Release|x64.ActiveCfg = Release|x64
		{89E9B32E-A86A-47C3-A948-D2B1622925CE}.Release|x64.Build.0 = Release|x64
		{89E9B32E-A86A-47C3-A948-D2B1622925CE}.Release|x86.ActiveCfg = Release|Win32
		{89E9B32E-A86A-47C3-A948-D2B1622925CE}.Release|x86.Build.0 = Release|Win32
	EndGlobalSection
	GlobalSection(SolutionProperties) = preSolution
		HideSolutionNode = FALSE
	EndGlobalSection
	GlobalSection(ExtensibilityGlobals) = postSolution
		SolutionGuid = {25575D07-F99F-4884-BC80-48CC6491563D}
	EndGlobalSection
EndGlobal
